// !$*UTF8*$!
{
	archiveVersion = 1;
	classes = {
	};
	objectVersion = 46;
	objects = {

/* Begin PBXBuildFile section */
		1EA74F451210151556BB4328 /* Pods_FlixUITests.framework in Frameworks */ = {isa = PBXBuildFile; fileRef = E0AAB273D6ED6D92C794D58C /* Pods_FlixUITests.framework */; };
		8B914C6AC8E10DDCB58761BF /* Pods_FlixTests.framework in Frameworks */ = {isa = PBXBuildFile; fileRef = BB7C4C05098429D7946A1BF6 /* Pods_FlixTests.framework */; };
		CD0E0F110AAB5B9E30D9DBE3 /* Pods_Flix.framework in Frameworks */ = {isa = PBXBuildFile; fileRef = BA62BE3BDE9E228BB5E2F45C /* Pods_Flix.framework */; };
		D540759D2006DE1500D5B82C /* MovieCell.swift in Sources */ = {isa = PBXBuildFile; fileRef = D540759C2006DE1500D5B82C /* MovieCell.swift */; };
		D5A23FE6200FDCB900DD1997 /* DetailsViewController.swift in Sources */ = {isa = PBXBuildFile; fileRef = D5A23FE5200FDCB900DD1997 /* DetailsViewController.swift */; };
		D5E8168B201017C2002A1FCD /* CollectionViewController.swift in Sources */ = {isa = PBXBuildFile; fileRef = D5E8168A201017C2002A1FCD /* CollectionViewController.swift */; };
		D5E8168D201017EE002A1FCD /* PosterCell.swift in Sources */ = {isa = PBXBuildFile; fileRef = D5E8168C201017EE002A1FCD /* PosterCell.swift */; };
		D5F84B5F2006DC5000A952A3 /* AppDelegate.swift in Sources */ = {isa = PBXBuildFile; fileRef = D5F84B5E2006DC5000A952A3 /* AppDelegate.swift */; };
		D5F84B612006DC5000A952A3 /* ViewController.swift in Sources */ = {isa = PBXBuildFile; fileRef = D5F84B602006DC5000A952A3 /* ViewController.swift */; };
		D5F84B642006DC5000A952A3 /* Main.storyboard in Resources */ = {isa = PBXBuildFile; fileRef = D5F84B622006DC5000A952A3 /* Main.storyboard */; };
		D5F84B662006DC5000A952A3 /* Assets.xcassets in Resources */ = {isa = PBXBuildFile; fileRef = D5F84B652006DC5000A952A3 /* Assets.xcassets */; };
		D5F84B692006DC5000A952A3 /* LaunchScreen.storyboard in Resources */ = {isa = PBXBuildFile; fileRef = D5F84B672006DC5000A952A3 /* LaunchScreen.storyboard */; };
		D5F84B742006DC5000A952A3 /* FlixTests.swift in Sources */ = {isa = PBXBuildFile; fileRef = D5F84B732006DC5000A952A3 /* FlixTests.swift */; };
		D5F84B7F2006DC5000A952A3 /* FlixUITests.swift in Sources */ = {isa = PBXBuildFile; fileRef = D5F84B7E2006DC5000A952A3 /* FlixUITests.swift */; };
/* End PBXBuildFile section */

/* Begin PBXContainerItemProxy section */
		D5F84B702006DC5000A952A3 /* PBXContainerItemProxy */ = {
			isa = PBXContainerItemProxy;
			containerPortal = D5F84B532006DC5000A952A3 /* Project object */;
			proxyType = 1;
			remoteGlobalIDString = D5F84B5A2006DC5000A952A3;
			remoteInfo = Flix;
		};
		D5F84B7B2006DC5000A952A3 /* PBXContainerItemProxy */ = {
			isa = PBXContainerItemProxy;
			containerPortal = D5F84B532006DC5000A952A3 /* Project object */;
			proxyType = 1;
			remoteGlobalIDString = D5F84B5A2006DC5000A952A3;
			remoteInfo = Flix;
		};
/* End PBXContainerItemProxy section */

/* Begin PBXFileReference section */
		16FA9296041B2A4ED0C3FDCD /* Pods-FlixUITests.release.xcconfig */ = {isa = PBXFileReference; includeInIndex = 1; lastKnownFileType = text.xcconfig; name = "Pods-FlixUITests.release.xcconfig"; path = "Pods/Target Support Files/Pods-FlixUITests/Pods-FlixUITests.release.xcconfig"; sourceTree = "<group>"; };
		2CB14EC05728B146EAF3BE6E /* Pods-FlixUITests.debug.xcconfig */ = {isa = PBXFileReference; includeInIndex = 1; lastKnownFileType = text.xcconfig; name = "Pods-FlixUITests.debug.xcconfig"; path = "Pods/Target Support Files/Pods-FlixUITests/Pods-FlixUITests.debug.xcconfig"; sourceTree = "<group>"; };
		3AC6DA9151CE776699B11C47 /* Pods-Flix.debug.xcconfig */ = {isa = PBXFileReference; includeInIndex = 1; lastKnownFileType = text.xcconfig; name = "Pods-Flix.debug.xcconfig"; path = "Pods/Target Support Files/Pods-Flix/Pods-Flix.debug.xcconfig"; sourceTree = "<group>"; };
		4F9E7E1573EB545E52C39866 /* Pods-Flix.release.xcconfig */ = {isa = PBXFileReference; includeInIndex = 1; lastKnownFileType = text.xcconfig; name = "Pods-Flix.release.xcconfig"; path = "Pods/Target Support Files/Pods-Flix/Pods-Flix.release.xcconfig"; sourceTree = "<group>"; };
		81E1967FFFC9A48A5F10C2A0 /* Pods-FlixTests.release.xcconfig */ = {isa = PBXFileReference; includeInIndex = 1; lastKnownFileType = text.xcconfig; name = "Pods-FlixTests.release.xcconfig"; path = "Pods/Target Support Files/Pods-FlixTests/Pods-FlixTests.release.xcconfig"; sourceTree = "<group>"; };
		BA62BE3BDE9E228BB5E2F45C /* Pods_Flix.framework */ = {isa = PBXFileReference; explicitFileType = wrapper.framework; includeInIndex = 0; path = Pods_Flix.framework; sourceTree = BUILT_PRODUCTS_DIR; };
		BB7C4C05098429D7946A1BF6 /* Pods_FlixTests.framework */ = {isa = PBXFileReference; explicitFileType = wrapper.framework; includeInIndex = 0; path = Pods_FlixTests.framework; sourceTree = BUILT_PRODUCTS_DIR; };
		D540759C2006DE1500D5B82C /* MovieCell.swift */ = {isa = PBXFileReference; fileEncoding = 4; lastKnownFileType = sourcecode.swift; path = MovieCell.swift; sourceTree = "<group>"; };
		D5A23FE5200FDCB900DD1997 /* DetailsViewController.swift */ = {isa = PBXFileReference; fileEncoding = 4; lastKnownFileType = sourcecode.swift; path = DetailsViewController.swift; sourceTree = "<group>"; };
		D5E8168A201017C2002A1FCD /* CollectionViewController.swift */ = {isa = PBXFileReference; fileEncoding = 4; lastKnownFileType = sourcecode.swift; path = CollectionViewController.swift; sourceTree = "<group>"; };
		D5E8168C201017EE002A1FCD /* PosterCell.swift */ = {isa = PBXFileReference; fileEncoding = 4; lastKnownFileType = sourcecode.swift; path = PosterCell.swift; sourceTree = "<group>"; };
		D5F84B5B2006DC5000A952A3 /* Flix.app */ = {isa = PBXFileReference; explicitFileType = wrapper.application; includeInIndex = 0; path = Flix.app; sourceTree = BUILT_PRODUCTS_DIR; };
		D5F84B5E2006DC5000A952A3 /* AppDelegate.swift */ = {isa = PBXFileReference; lastKnownFileType = sourcecode.swift; path = AppDelegate.swift; sourceTree = "<group>"; };
		D5F84B602006DC5000A952A3 /* ViewController.swift */ = {isa = PBXFileReference; lastKnownFileType = sourcecode.swift; path = ViewController.swift; sourceTree = "<group>"; };
		D5F84B632006DC5000A952A3 /* Base */ = {isa = PBXFileReference; lastKnownFileType = file.storyboard; name = Base; path = Base.lproj/Main.storyboard; sourceTree = "<group>"; };
		D5F84B652006DC5000A952A3 /* Assets.xcassets */ = {isa = PBXFileReference; lastKnownFileType = folder.assetcatalog; path = Assets.xcassets; sourceTree = "<group>"; };
		D5F84B682006DC5000A952A3 /* Base */ = {isa = PBXFileReference; lastKnownFileType = file.storyboard; name = Base; path = Base.lproj/LaunchScreen.storyboard; sourceTree = "<group>"; };
		D5F84B6A2006DC5000A952A3 /* Info.plist */ = {isa = PBXFileReference; lastKnownFileType = text.plist.xml; path = Info.plist; sourceTree = "<group>"; };
		D5F84B6F2006DC5000A952A3 /* FlixTests.xctest */ = {isa = PBXFileReference; explicitFileType = wrapper.cfbundle; includeInIndex = 0; path = FlixTests.xctest; sourceTree = BUILT_PRODUCTS_DIR; };
		D5F84B732006DC5000A952A3 /* FlixTests.swift */ = {isa = PBXFileReference; lastKnownFileType = sourcecode.swift; path = FlixTests.swift; sourceTree = "<group>"; };
		D5F84B752006DC5000A952A3 /* Info.plist */ = {isa = PBXFileReference; lastKnownFileType = text.plist.xml; path = Info.plist; sourceTree = "<group>"; };
		D5F84B7A2006DC5000A952A3 /* FlixUITests.xctest */ = {isa = PBXFileReference; explicitFileType = wrapper.cfbundle; includeInIndex = 0; path = FlixUITests.xctest; sourceTree = BUILT_PRODUCTS_DIR; };
		D5F84B7E2006DC5000A952A3 /* FlixUITests.swift */ = {isa = PBXFileReference; lastKnownFileType = sourcecode.swift; path = FlixUITests.swift; sourceTree = "<group>"; };
		D5F84B802006DC5000A952A3 /* Info.plist */ = {isa = PBXFileReference; lastKnownFileType = text.plist.xml; path = Info.plist; sourceTree = "<group>"; };
		E0AAB273D6ED6D92C794D58C /* Pods_FlixUITests.framework */ = {isa = PBXFileReference; explicitFileType = wrapper.framework; includeInIndex = 0; path = Pods_FlixUITests.framework; sourceTree = BUILT_PRODUCTS_DIR; };
		FFB07C037DD908B060243B04 /* Pods-FlixTests.debug.xcconfig */ = {isa = PBXFileReference; includeInIndex = 1; lastKnownFileType = text.xcconfig; name = "Pods-FlixTests.debug.xcconfig"; path = "Pods/Target Support Files/Pods-FlixTests/Pods-FlixTests.debug.xcconfig"; sourceTree = "<group>"; };
/* End PBXFileReference section */

/* Begin PBXFrameworksBuildPhase section */
		D5F84B582006DC5000A952A3 /* Frameworks */ = {
			isa = PBXFrameworksBuildPhase;
			buildActionMask = 2147483647;
			files = (
				CD0E0F110AAB5B9E30D9DBE3 /* Pods_Flix.framework in Frameworks */,
			);
			runOnlyForDeploymentPostprocessing = 0;
		};
		D5F84B6C2006DC5000A952A3 /* Frameworks */ = {
			isa = PBXFrameworksBuildPhase;
			buildActionMask = 2147483647;
			files = (
				8B914C6AC8E10DDCB58761BF /* Pods_FlixTests.framework in Frameworks */,
			);
			runOnlyForDeploymentPostprocessing = 0;
		};
		D5F84B772006DC5000A952A3 /* Frameworks */ = {
			isa = PBXFrameworksBuildPhase;
			buildActionMask = 2147483647;
			files = (
				1EA74F451210151556BB4328 /* Pods_FlixUITests.framework in Frameworks */,
			);
			runOnlyForDeploymentPostprocessing = 0;
		};
/* End PBXFrameworksBuildPhase section */

/* Begin PBXGroup section */
		536120682B51ABBAE5603EFA /* Frameworks */ = {
			isa = PBXGroup;
			children = (
				BA62BE3BDE9E228BB5E2F45C /* Pods_Flix.framework */,
				BB7C4C05098429D7946A1BF6 /* Pods_FlixTests.framework */,
				E0AAB273D6ED6D92C794D58C /* Pods_FlixUITests.framework */,
			);
			name = Frameworks;
			sourceTree = "<group>";
		};
		B712E2F20B4892645BCAB9B0 /* Pods */ = {
			isa = PBXGroup;
			children = (
				3AC6DA9151CE776699B11C47 /* Pods-Flix.debug.xcconfig */,
				4F9E7E1573EB545E52C39866 /* Pods-Flix.release.xcconfig */,
				FFB07C037DD908B060243B04 /* Pods-FlixTests.debug.xcconfig */,
				81E1967FFFC9A48A5F10C2A0 /* Pods-FlixTests.release.xcconfig */,
				2CB14EC05728B146EAF3BE6E /* Pods-FlixUITests.debug.xcconfig */,
				16FA9296041B2A4ED0C3FDCD /* Pods-FlixUITests.release.xcconfig */,
			);
			name = Pods;
			sourceTree = "<group>";
		};
		D5F84B522006DC5000A952A3 = {
			isa = PBXGroup;
			children = (
				D5F84B5D2006DC5000A952A3 /* Flix */,
				D5F84B722006DC5000A952A3 /* FlixTests */,
				D5F84B7D2006DC5000A952A3 /* FlixUITests */,
				D5F84B5C2006DC5000A952A3 /* Products */,
				B712E2F20B4892645BCAB9B0 /* Pods */,
				536120682B51ABBAE5603EFA /* Frameworks */,
			);
			sourceTree = "<group>";
		};
		D5F84B5C2006DC5000A952A3 /* Products */ = {
			isa = PBXGroup;
			children = (
				D5F84B5B2006DC5000A952A3 /* Flix.app */,
				D5F84B6F2006DC5000A952A3 /* FlixTests.xctest */,
				D5F84B7A2006DC5000A952A3 /* FlixUITests.xctest */,
			);
			name = Products;
			sourceTree = "<group>";
		};
		D5F84B5D2006DC5000A952A3 /* Flix */ = {
			isa = PBXGroup;
			children = (
				D5F84B5E2006DC5000A952A3 /* AppDelegate.swift */,
				D5A23FE5200FDCB900DD1997 /* DetailsViewController.swift */,
				D5F84B602006DC5000A952A3 /* ViewController.swift */,
				D5F84B622006DC5000A952A3 /* Main.storyboard */,
				D5E8168C201017EE002A1FCD /* PosterCell.swift */,
				D5E8168A201017C2002A1FCD /* CollectionViewController.swift */,
				D540759C2006DE1500D5B82C /* MovieCell.swift */,
				D5F84B652006DC5000A952A3 /* Assets.xcassets */,
				D5F84B672006DC5000A952A3 /* LaunchScreen.storyboard */,
				D5F84B6A2006DC5000A952A3 /* Info.plist */,
			);
			path = Flix;
			sourceTree = "<group>";
		};
		D5F84B722006DC5000A952A3 /* FlixTests */ = {
			isa = PBXGroup;
			children = (
				D5F84B732006DC5000A952A3 /* FlixTests.swift */,
				D5F84B752006DC5000A952A3 /* Info.plist */,
			);
			path = FlixTests;
			sourceTree = "<group>";
		};
		D5F84B7D2006DC5000A952A3 /* FlixUITests */ = {
			isa = PBXGroup;
			children = (
				D5F84B7E2006DC5000A952A3 /* FlixUITests.swift */,
				D5F84B802006DC5000A952A3 /* Info.plist */,
			);
			path = FlixUITests;
			sourceTree = "<group>";
		};
/* End PBXGroup section */

/* Begin PBXNativeTarget section */
		D5F84B5A2006DC5000A952A3 /* Flix */ = {
			isa = PBXNativeTarget;
			buildConfigurationList = D5F84B832006DC5000A952A3 /* Build configuration list for PBXNativeTarget "Flix" */;
			buildPhases = (
				13A0D41A4F33431F44DCCB7D /* [CP] Check Pods Manifest.lock */,
				D5F84B572006DC5000A952A3 /* Sources */,
				D5F84B582006DC5000A952A3 /* Frameworks */,
				D5F84B592006DC5000A952A3 /* Resources */,
				A24E4812607878571D2B56E1 /* [CP] Embed Pods Frameworks */,
				5847B3258402A375C501C62E /* [CP] Copy Pods Resources */,
			);
			buildRules = (
			);
			dependencies = (
			);
			name = Flix;
			productName = Flix;
			productReference = D5F84B5B2006DC5000A952A3 /* Flix.app */;
			productType = "com.apple.product-type.application";
		};
		D5F84B6E2006DC5000A952A3 /* FlixTests */ = {
			isa = PBXNativeTarget;
			buildConfigurationList = D5F84B862006DC5000A952A3 /* Build configuration list for PBXNativeTarget "FlixTests" */;
			buildPhases = (
				4DE29C9A16003CF1D5455DA1 /* [CP] Check Pods Manifest.lock */,
				D5F84B6B2006DC5000A952A3 /* Sources */,
				D5F84B6C2006DC5000A952A3 /* Frameworks */,
				D5F84B6D2006DC5000A952A3 /* Resources */,
				EBD19287397983C763050D40 /* [CP] Embed Pods Frameworks */,
				68C44384792CB7A062E3BACA /* [CP] Copy Pods Resources */,
			);
			buildRules = (
			);
			dependencies = (
				D5F84B712006DC5000A952A3 /* PBXTargetDependency */,
			);
			name = FlixTests;
			productName = FlixTests;
			productReference = D5F84B6F2006DC5000A952A3 /* FlixTests.xctest */;
			productType = "com.apple.product-type.bundle.unit-test";
		};
		D5F84B792006DC5000A952A3 /* FlixUITests */ = {
			isa = PBXNativeTarget;
			buildConfigurationList = D5F84B892006DC5000A952A3 /* Build configuration list for PBXNativeTarget "FlixUITests" */;
			buildPhases = (
				DE353AA1A20C59BF05DDAB0B /* [CP] Check Pods Manifest.lock */,
				D5F84B762006DC5000A952A3 /* Sources */,
				D5F84B772006DC5000A952A3 /* Frameworks */,
				D5F84B782006DC5000A952A3 /* Resources */,
				5D2EFED6C6155D27D910E6A1 /* [CP] Embed Pods Frameworks */,
				67F2492FD6E339E2D9B36BF7 /* [CP] Copy Pods Resources */,
			);
			buildRules = (
			);
			dependencies = (
				D5F84B7C2006DC5000A952A3 /* PBXTargetDependency */,
			);
			name = FlixUITests;
			productName = FlixUITests;
			productReference = D5F84B7A2006DC5000A952A3 /* FlixUITests.xctest */;
			productType = "com.apple.product-type.bundle.ui-testing";
		};
/* End PBXNativeTarget section */

/* Begin PBXProject section */
		D5F84B532006DC5000A952A3 /* Project object */ = {
			isa = PBXProject;
			attributes = {
				LastSwiftUpdateCheck = 0830;
				LastUpgradeCheck = 0830;
				ORGANIZATIONNAME = "Nikhil Iyer";
				TargetAttributes = {
					D5F84B5A2006DC5000A952A3 = {
						CreatedOnToolsVersion = 8.3.3;
						ProvisioningStyle = Automatic;
					};
					D5F84B6E2006DC5000A952A3 = {
						CreatedOnToolsVersion = 8.3.3;
						ProvisioningStyle = Automatic;
						TestTargetID = D5F84B5A2006DC5000A952A3;
					};
					D5F84B792006DC5000A952A3 = {
						CreatedOnToolsVersion = 8.3.3;
						ProvisioningStyle = Automatic;
						TestTargetID = D5F84B5A2006DC5000A952A3;
					};
				};
			};
			buildConfigurationList = D5F84B562006DC5000A952A3 /* Build configuration list for PBXProject "Flix" */;
			compatibilityVersion = "Xcode 3.2";
			developmentRegion = English;
			hasScannedForEncodings = 0;
			knownRegions = (
				en,
				Base,
			);
			mainGroup = D5F84B522006DC5000A952A3;
			productRefGroup = D5F84B5C2006DC5000A952A3 /* Products */;
			projectDirPath = "";
			projectRoot = "";
			targets = (
				D5F84B5A2006DC5000A952A3 /* Flix */,
				D5F84B6E2006DC5000A952A3 /* FlixTests */,
				D5F84B792006DC5000A952A3 /* FlixUITests */,
			);
		};
/* End PBXProject section */

/* Begin PBXResourcesBuildPhase section */
		D5F84B592006DC5000A952A3 /* Resources */ = {
			isa = PBXResourcesBuildPhase;
			buildActionMask = 2147483647;
			files = (
				D5F84B692006DC5000A952A3 /* LaunchScreen.storyboard in Resources */,
				D5F84B662006DC5000A952A3 /* Assets.xcassets in Resources */,
				D5F84B642006DC5000A952A3 /* Main.storyboard in Resources */,
			);
			runOnlyForDeploymentPostprocessing = 0;
		};
		D5F84B6D2006DC5000A952A3 /* Resources */ = {
			isa = PBXResourcesBuildPhase;
			buildActionMask = 2147483647;
			files = (
			);
			runOnlyForDeploymentPostprocessing = 0;
		};
		D5F84B782006DC5000A952A3 /* Resources */ = {
			isa = PBXResourcesBuildPhase;
			buildActionMask = 2147483647;
			files = (
			);
			runOnlyForDeploymentPostprocessing = 0;
		};
/* End PBXResourcesBuildPhase section */

/* Begin PBXShellScriptBuildPhase section */
		13A0D41A4F33431F44DCCB7D /* [CP] Check Pods Manifest.lock */ = {
			isa = PBXShellScriptBuildPhase;
			buildActionMask = 2147483647;
			files = (
			);
			inputPaths = (
				"${PODS_PODFILE_DIR_PATH}/Podfile.lock",
				"${PODS_ROOT}/Manifest.lock",
			);
			name = "[CP] Check Pods Manifest.lock";
			outputPaths = (
				"$(DERIVED_FILE_DIR)/Pods-Flix-checkManifestLockResult.txt",
			);
			runOnlyForDeploymentPostprocessing = 0;
			shellPath = /bin/sh;
			shellScript = "diff \"${PODS_PODFILE_DIR_PATH}/Podfile.lock\" \"${PODS_ROOT}/Manifest.lock\" > /dev/null\nif [ $? != 0 ] ; then\n    # print error to STDERR\n    echo \"error: The sandbox is not in sync with the Podfile.lock. Run 'pod install' or update your CocoaPods installation.\" >&2\n    exit 1\nfi\n# This output is used by Xcode 'outputs' to avoid re-running this script phase.\necho \"SUCCESS\" > \"${SCRIPT_OUTPUT_FILE_0}\"\n";
			showEnvVarsInLog = 0;
		};
		4DE29C9A16003CF1D5455DA1 /* [CP] Check Pods Manifest.lock */ = {
			isa = PBXShellScriptBuildPhase;
			buildActionMask = 2147483647;
			files = (
			);
			inputPaths = (
				"${PODS_PODFILE_DIR_PATH}/Podfile.lock",
				"${PODS_ROOT}/Manifest.lock",
			);
			name = "[CP] Check Pods Manifest.lock";
			outputPaths = (
				"$(DERIVED_FILE_DIR)/Pods-FlixTests-checkManifestLockResult.txt",
			);
			runOnlyForDeploymentPostprocessing = 0;
			shellPath = /bin/sh;
			shellScript = "diff \"${PODS_PODFILE_DIR_PATH}/Podfile.lock\" \"${PODS_ROOT}/Manifest.lock\" > /dev/null\nif [ $? != 0 ] ; then\n    # print error to STDERR\n    echo \"error: The sandbox is not in sync with the Podfile.lock. Run 'pod install' or update your CocoaPods installation.\" >&2\n    exit 1\nfi\n# This output is used by Xcode 'outputs' to avoid re-running this script phase.\necho \"SUCCESS\" > \"${SCRIPT_OUTPUT_FILE_0}\"\n";
			showEnvVarsInLog = 0;
		};
		5847B3258402A375C501C62E /* [CP] Copy Pods Resources */ = {
			isa = PBXShellScriptBuildPhase;
			buildActionMask = 2147483647;
			files = (
			);
			inputPaths = (
			);
			name = "[CP] Copy Pods Resources";
			outputPaths = (
			);
			runOnlyForDeploymentPostprocessing = 0;
			shellPath = /bin/sh;
			shellScript = "\"${SRCROOT}/Pods/Target Support Files/Pods-Flix/Pods-Flix-resources.sh\"\n";
			showEnvVarsInLog = 0;
		};
		5D2EFED6C6155D27D910E6A1 /* [CP] Embed Pods Frameworks */ = {
			isa = PBXShellScriptBuildPhase;
			buildActionMask = 2147483647;
			files = (
			);
			inputPaths = (
			);
			name = "[CP] Embed Pods Frameworks";
			outputPaths = (
			);
			runOnlyForDeploymentPostprocessing = 0;
			shellPath = /bin/sh;
			shellScript = "\"${SRCROOT}/Pods/Target Support Files/Pods-FlixUITests/Pods-FlixUITests-frameworks.sh\"\n";
			showEnvVarsInLog = 0;
		};
		67F2492FD6E339E2D9B36BF7 /* [CP] Copy Pods Resources */ = {
			isa = PBXShellScriptBuildPhase;
			buildActionMask = 2147483647;
			files = (
			);
			inputPaths = (
			);
			name = "[CP] Copy Pods Resources";
			outputPaths = (
			);
			runOnlyForDeploymentPostprocessing = 0;
			shellPath = /bin/sh;
			shellScript = "\"${SRCROOT}/Pods/Target Support Files/Pods-FlixUITests/Pods-FlixUITests-resources.sh\"\n";
			showEnvVarsInLog = 0;
		};
		68C44384792CB7A062E3BACA /* [CP] Copy Pods Resources */ = {
			isa = PBXShellScriptBuildPhase;
			buildActionMask = 2147483647;
			files = (
			);
			inputPaths = (
			);
			name = "[CP] Copy Pods Resources";
			outputPaths = (
			);
			runOnlyForDeploymentPostprocessing = 0;
			shellPath = /bin/sh;
			shellScript = "\"${SRCROOT}/Pods/Target Support Files/Pods-FlixTests/Pods-FlixTests-resources.sh\"\n";
			showEnvVarsInLog = 0;
		};
		A24E4812607878571D2B56E1 /* [CP] Embed Pods Frameworks */ = {
			isa = PBXShellScriptBuildPhase;
			buildActionMask = 2147483647;
			files = (
			);
			inputPaths = (
				"${SRCROOT}/Pods/Target Support Files/Pods-Flix/Pods-Flix-frameworks.sh",
				"${BUILT_PRODUCTS_DIR}/Alamofire/Alamofire.framework",
				"${BUILT_PRODUCTS_DIR}/AlamofireImage/AlamofireImage.framework",
				"${BUILT_PRODUCTS_DIR}/OAuthSwift/OAuthSwift.framework",
				"${BUILT_PRODUCTS_DIR}/OAuthSwiftAlamofire/OAuthSwiftAlamofire.framework",
			);
			name = "[CP] Embed Pods Frameworks";
			outputPaths = (
				"${TARGET_BUILD_DIR}/${FRAMEWORKS_FOLDER_PATH}/Alamofire.framework",
				"${TARGET_BUILD_DIR}/${FRAMEWORKS_FOLDER_PATH}/AlamofireImage.framework",
				"${TARGET_BUILD_DIR}/${FRAMEWORKS_FOLDER_PATH}/OAuthSwift.framework",
				"${TARGET_BUILD_DIR}/${FRAMEWORKS_FOLDER_PATH}/OAuthSwiftAlamofire.framework",
			);
			runOnlyForDeploymentPostprocessing = 0;
			shellPath = /bin/sh;
			shellScript = "\"${SRCROOT}/Pods/Target Support Files/Pods-Flix/Pods-Flix-frameworks.sh\"\n";
			showEnvVarsInLog = 0;
		};
		DE353AA1A20C59BF05DDAB0B /* [CP] Check Pods Manifest.lock */ = {
			isa = PBXShellScriptBuildPhase;
			buildActionMask = 2147483647;
			files = (
			);
			inputPaths = (
				"${PODS_PODFILE_DIR_PATH}/Podfile.lock",
				"${PODS_ROOT}/Manifest.lock",
			);
			name = "[CP] Check Pods Manifest.lock";
			outputPaths = (
				"$(DERIVED_FILE_DIR)/Pods-FlixUITests-checkManifestLockResult.txt",
			);
			runOnlyForDeploymentPostprocessing = 0;
			shellPath = /bin/sh;
			shellScript = "diff \"${PODS_PODFILE_DIR_PATH}/Podfile.lock\" \"${PODS_ROOT}/Manifest.lock\" > /dev/null\nif [ $? != 0 ] ; then\n    # print error to STDERR\n    echo \"error: The sandbox is not in sync with the Podfile.lock. Run 'pod install' or update your CocoaPods installation.\" >&2\n    exit 1\nfi\n# This output is used by Xcode 'outputs' to avoid re-running this script phase.\necho \"SUCCESS\" > \"${SCRIPT_OUTPUT_FILE_0}\"\n";
			showEnvVarsInLog = 0;
		};
		EBD19287397983C763050D40 /* [CP] Embed Pods Frameworks */ = {
			isa = PBXShellScriptBuildPhase;
			buildActionMask = 2147483647;
			files = (
			);
			inputPaths = (
			);
			name = "[CP] Embed Pods Frameworks";
			outputPaths = (
			);
			runOnlyForDeploymentPostprocessing = 0;
			shellPath = /bin/sh;
			shellScript = "\"${SRCROOT}/Pods/Target Support Files/Pods-FlixTests/Pods-FlixTests-frameworks.sh\"\n";
			showEnvVarsInLog = 0;
		};
/* End PBXShellScriptBuildPhase section */

/* Begin PBXSourcesBuildPhase section */
		D5F84B572006DC5000A952A3 /* Sources */ = {
			isa = PBXSourcesBuildPhase;
			buildActionMask = 2147483647;
			files = (
				D5F84B612006DC5000A952A3 /* ViewController.swift in Sources */,
				D5F84B5F2006DC5000A952A3 /* AppDelegate.swift in Sources */,
				D5E8168D201017EE002A1FCD /* PosterCell.swift in Sources */,
				D540759D2006DE1500D5B82C /* MovieCell.swift in Sources */,
				D5A23FE6200FDCB900DD1997 /* DetailsViewController.swift in Sources */,
				D5E8168B201017C2002A1FCD /* CollectionViewController.swift in Sources */,
			);
			runOnlyForDeploymentPostprocessing = 0;
		};
		D5F84B6B2006DC5000A952A3 /* Sources */ = {
			isa = PBXSourcesBuildPhase;
			buildActionMask = 2147483647;
			files = (
				D5F84B742006DC5000A952A3 /* FlixTests.swift in Sources */,
			);
			runOnlyForDeploymentPostprocessing = 0;
		};
		D5F84B762006DC5000A952A3 /* Sources */ = {
			isa = PBXSourcesBuildPhase;
			buildActionMask = 2147483647;
			files = (
				D5F84B7F2006DC5000A952A3 /* FlixUITests.swift in Sources */,
			);
			runOnlyForDeploymentPostprocessing = 0;
		};
/* End PBXSourcesBuildPhase section */

/* Begin PBXTargetDependency section */
		D5F84B712006DC5000A952A3 /* PBXTargetDependency */ = {
			isa = PBXTargetDependency;
			target = D5F84B5A2006DC5000A952A3 /* Flix */;
			targetProxy = D5F84B702006DC5000A952A3 /* PBXContainerItemProxy */;
		};
		D5F84B7C2006DC5000A952A3 /* PBXTargetDependency */ = {
			isa = PBXTargetDependency;
			target = D5F84B5A2006DC5000A952A3 /* Flix */;
			targetProxy = D5F84B7B2006DC5000A952A3 /* PBXContainerItemProxy */;
		};
/* End PBXTargetDependency section */

/* Begin PBXVariantGroup section */
		D5F84B622006DC5000A952A3 /* Main.storyboard */ = {
			isa = PBXVariantGroup;
			children = (
				D5F84B632006DC5000A952A3 /* Base */,
			);
			name = Main.storyboard;
			sourceTree = "<group>";
		};
		D5F84B672006DC5000A952A3 /* LaunchScreen.storyboard */ = {
			isa = PBXVariantGroup;
			children = (
				D5F84B682006DC5000A952A3 /* Base */,
			);
			name = LaunchScreen.storyboard;
			sourceTree = "<group>";
		};
/* End PBXVariantGroup section */

/* Begin XCBuildConfiguration section */
		D5F84B812006DC5000A952A3 /* Debug */ = {
			isa = XCBuildConfiguration;
			buildSettings = {
				ALWAYS_SEARCH_USER_PATHS = NO;
				CLANG_ANALYZER_NONNULL = YES;
				CLANG_ANALYZER_NUMBER_OBJECT_CONVERSION = YES_AGGRESSIVE;
				CLANG_CXX_LANGUAGE_STANDARD = "gnu++0x";
				CLANG_CXX_LIBRARY = "libc++";
				CLANG_ENABLE_MODULES = YES;
				CLANG_ENABLE_OBJC_ARC = YES;
				CLANG_WARN_BOOL_CONVERSION = YES;
				CLANG_WARN_CONSTANT_CONVERSION = YES;
				CLANG_WARN_DIRECT_OBJC_ISA_USAGE = YES_ERROR;
				CLANG_WARN_DOCUMENTATION_COMMENTS = YES;
				CLANG_WARN_EMPTY_BODY = YES;
				CLANG_WARN_ENUM_CONVERSION = YES;
				CLANG_WARN_INFINITE_RECURSION = YES;
				CLANG_WARN_INT_CONVERSION = YES;
				CLANG_WARN_OBJC_ROOT_CLASS = YES_ERROR;
				CLANG_WARN_SUSPICIOUS_MOVE = YES;
				CLANG_WARN_UNREACHABLE_CODE = YES;
				CLANG_WARN__DUPLICATE_METHOD_MATCH = YES;
				"CODE_SIGN_IDENTITY[sdk=iphoneos*]" = "iPhone Developer";
				COPY_PHASE_STRIP = NO;
				DEBUG_INFORMATION_FORMAT = dwarf;
				ENABLE_STRICT_OBJC_MSGSEND = YES;
				ENABLE_TESTABILITY = YES;
				GCC_C_LANGUAGE_STANDARD = gnu99;
				GCC_DYNAMIC_NO_PIC = NO;
				GCC_NO_COMMON_BLOCKS = YES;
				GCC_OPTIMIZATION_LEVEL = 0;
				GCC_PREPROCESSOR_DEFINITIONS = (
					"DEBUG=1",
					"$(inherited)",
				);
				GCC_WARN_64_TO_32_BIT_CONVERSION = YES;
				GCC_WARN_ABOUT_RETURN_TYPE = YES_ERROR;
				GCC_WARN_UNDECLARED_SELECTOR = YES;
				GCC_WARN_UNINITIALIZED_AUTOS = YES_AGGRESSIVE;
				GCC_WARN_UNUSED_FUNCTION = YES;
				GCC_WARN_UNUSED_VARIABLE = YES;
				IPHONEOS_DEPLOYMENT_TARGET = 10.3;
				MTL_ENABLE_DEBUG_INFO = YES;
				ONLY_ACTIVE_ARCH = YES;
				SDKROOT = iphoneos;
				SWIFT_ACTIVE_COMPILATION_CONDITIONS = DEBUG;
				SWIFT_OPTIMIZATION_LEVEL = "-Onone";
			};
			name = Debug;
		};
		D5F84B822006DC5000A952A3 /* Release */ = {
			isa = XCBuildConfiguration;
			buildSettings = {
				ALWAYS_SEARCH_USER_PATHS = NO;
				CLANG_ANALYZER_NONNULL = YES;
				CLANG_ANALYZER_NUMBER_OBJECT_CONVERSION = YES_AGGRESSIVE;
				CLANG_CXX_LANGUAGE_STANDARD = "gnu++0x";
				CLANG_CXX_LIBRARY = "libc++";
				CLANG_ENABLE_MODULES = YES;
				CLANG_ENABLE_OBJC_ARC = YES;
				CLANG_WARN_BOOL_CONVERSION = YES;
				CLANG_WARN_CONSTANT_CONVERSION = YES;
				CLANG_WARN_DIRECT_OBJC_ISA_USAGE = YES_ERROR;
				CLANG_WARN_DOCUMENTATION_COMMENTS = YES;
				CLANG_WARN_EMPTY_BODY = YES;
				CLANG_WARN_ENUM_CONVERSION = YES;
				CLANG_WARN_INFINITE_RECURSION = YES;
				CLANG_WARN_INT_CONVERSION = YES;
				CLANG_WARN_OBJC_ROOT_CLASS = YES_ERROR;
				CLANG_WARN_SUSPICIOUS_MOVE = YES;
				CLANG_WARN_UNREACHABLE_CODE = YES;
				CLANG_WARN__DUPLICATE_METHOD_MATCH = YES;
				"CODE_SIGN_IDENTITY[sdk=iphoneos*]" = "iPhone Developer";
				COPY_PHASE_STRIP = NO;
				DEBUG_INFORMATION_FORMAT = "dwarf-with-dsym";
				ENABLE_NS_ASSERTIONS = NO;
				ENABLE_STRICT_OBJC_MSGSEND = YES;
				GCC_C_LANGUAGE_STANDARD = gnu99;
				GCC_NO_COMMON_BLOCKS = YES;
				GCC_WARN_64_TO_32_BIT_CONVERSION = YES;
				GCC_WARN_ABOUT_RETURN_TYPE = YES_ERROR;
				GCC_WARN_UNDECLARED_SELECTOR = YES;
				GCC_WARN_UNINITIALIZED_AUTOS = YES_AGGRESSIVE;
				GCC_WARN_UNUSED_FUNCTION = YES;
				GCC_WARN_UNUSED_VARIABLE = YES;
				IPHONEOS_DEPLOYMENT_TARGET = 10.3;
				MTL_ENABLE_DEBUG_INFO = NO;
				SDKROOT = iphoneos;
				SWIFT_OPTIMIZATION_LEVEL = "-Owholemodule";
				VALIDATE_PRODUCT = YES;
			};
			name = Release;
		};
		D5F84B842006DC5000A952A3 /* Debug */ = {
			isa = XCBuildConfiguration;
			baseConfigurationReference = 3AC6DA9151CE776699B11C47 /* Pods-Flix.debug.xcconfig */;
			buildSettings = {
				ASSETCATALOG_COMPILER_APPICON_NAME = AppIcon;
				INFOPLIST_FILE = Flix/Info.plist;
				LD_RUNPATH_SEARCH_PATHS = "$(inherited) @executable_path/Frameworks";
				PRODUCT_BUNDLE_IDENTIFIER = com.nikhiliyer.Flix;
				PRODUCT_NAME = "$(TARGET_NAME)";
				SWIFT_VERSION = 3.0;
			};
			name = Debug;
		};
		D5F84B852006DC5000A952A3 /* Release */ = {
			isa = XCBuildConfiguration;
			baseConfigurationReference = 4F9E7E1573EB545E52C39866 /* Pods-Flix.release.xcconfig */;
			buildSettings = {
				ASSETCATALOG_COMPILER_APPICON_NAME = AppIcon;
				INFOPLIST_FILE = Flix/Info.plist;
				LD_RUNPATH_SEARCH_PATHS = "$(inherited) @executable_path/Frameworks";
				PRODUCT_BUNDLE_IDENTIFIER = com.nikhiliyer.Flix;
				PRODUCT_NAME = "$(TARGET_NAME)";
				SWIFT_VERSION = 3.0;
			};
			name = Release;
		};
		D5F84B872006DC5000A952A3 /* Debug */ = {
			isa = XCBuildConfiguration;
			baseConfigurationReference = FFB07C037DD908B060243B04 /* Pods-FlixTests.debug.xcconfig */;
			buildSettings = {
				ALWAYS_EMBED_SWIFT_STANDARD_LIBRARIES = YES;
				BUNDLE_LOADER = "$(TEST_HOST)";
				INFOPLIST_FILE = FlixTests/Info.plist;
				LD_RUNPATH_SEARCH_PATHS = "$(inherited) @executable_path/Frameworks @loader_path/Frameworks";
				PRODUCT_BUNDLE_IDENTIFIER = com.nikhiliyer.FlixTests;
				PRODUCT_NAME = "$(TARGET_NAME)";
				SWIFT_VERSION = 3.0;
				TEST_HOST = "$(BUILT_PRODUCTS_DIR)/Flix.app/Flix";
			};
			name = Debug;
		};
		D5F84B882006DC5000A952A3 /* Release */ = {
			isa = XCBuildConfiguration;
			baseConfigurationReference = 81E1967FFFC9A48A5F10C2A0 /* Pods-FlixTests.release.xcconfig */;
			buildSettings = {
				ALWAYS_EMBED_SWIFT_STANDARD_LIBRARIES = YES;
				BUNDLE_LOADER = "$(TEST_HOST)";
				INFOPLIST_FILE = FlixTests/Info.plist;
				LD_RUNPATH_SEARCH_PATHS = "$(inherited) @executable_path/Frameworks @loader_path/Frameworks";
				PRODUCT_BUNDLE_IDENTIFIER = com.nikhiliyer.FlixTests;
				PRODUCT_NAME = "$(TARGET_NAME)";
				SWIFT_VERSION = 3.0;
				TEST_HOST = "$(BUILT_PRODUCTS_DIR)/Flix.app/Flix";
			};
			name = Release;
		};
		D5F84B8A2006DC5000A952A3 /* Debug */ = {
			isa = XCBuildConfiguration;
			baseConfigurationReference = 2CB14EC05728B146EAF3BE6E /* Pods-FlixUITests.debug.xcconfig */;
			buildSettings = {
				ALWAYS_EMBED_SWIFT_STANDARD_LIBRARIES = YES;
				INFOPLIST_FILE = FlixUITests/Info.plist;
				LD_RUNPATH_SEARCH_PATHS = "$(inherited) @executable_path/Frameworks @loader_path/Frameworks";
				PRODUCT_BUNDLE_IDENTIFIER = com.nikhiliyer.FlixUITests;
				PRODUCT_NAME = "$(TARGET_NAME)";
				SWIFT_VERSION = 3.0;
				TEST_TARGET_NAME = Flix;
			};
			name = Debug;
		};
		D5F84B8B2006DC5000A952A3 /* Release */ = {
			isa = XCBuildConfiguration;
			baseConfigurationReference = 16FA9296041B2A4ED0C3FDCD /* Pods-FlixUITests.release.xcconfig */;
			buildSettings = {
				ALWAYS_EMBED_SWIFT_STANDARD_LIBRARIES = YES;
				INFOPLIST_FILE = FlixUITests/Info.plist;
				LD_RUNPATH_SEARCH_PATHS = "$(inherited) @executable_path/Frameworks @loader_path/Frameworks";
				PRODUCT_BUNDLE_IDENTIFIER = com.nikhiliyer.FlixUITests;
				PRODUCT_NAME = "$(TARGET_NAME)";
				SWIFT_VERSION = 3.0;
				TEST_TARGET_NAME = Flix;
			};
			name = Release;
		};
/* End XCBuildConfiguration section */

/* Begin XCConfigurationList section */
		D5F84B562006DC5000A952A3 /* Build configuration list for PBXProject "Flix" */ = {
			isa = XCConfigurationList;
			buildConfigurations = (
				D5F84B812006DC5000A952A3 /* Debug */,
				D5F84B822006DC5000A952A3 /* Release */,
			);
			defaultConfigurationIsVisible = 0;
			defaultConfigurationName = Release;
		};
		D5F84B832006DC5000A952A3 /* Build configuration list for PBXNativeTarget "Flix" */ = {
			isa = XCConfigurationList;
			buildConfigurations = (
				D5F84B842006DC5000A952A3 /* Debug */,
				D5F84B852006DC5000A952A3 /* Release */,
			);
			defaultConfigurationIsVisible = 0;
			defaultConfigurationName = Release;
		};
		D5F84B862006DC5000A952A3 /* Build configuration list for PBXNativeTarget "FlixTests" */ = {
			isa = XCConfigurationList;
			buildConfigurations = (
				D5F84B872006DC5000A952A3 /* Debug */,
				D5F84B882006DC5000A952A3 /* Release */,
			);
			defaultConfigurationIsVisible = 0;
			defaultConfigurationName = Release;
		};
		D5F84B892006DC5000A952A3 /* Build configuration list for PBXNativeTarget "FlixUITests" */ = {
			isa = XCConfigurationList;
			buildConfigurations = (
				D5F84B8A2006DC5000A952A3 /* Debug */,
				D5F84B8B2006DC5000A952A3 /* Release */,
			);
			defaultConfigurationIsVisible = 0;
			defaultConfigurationName = Release;
		};
/* End XCConfigurationList section */
	};
	rootObject = D5F84B532006DC5000A952A3 /* Project object */;
}
